Microsoft Visual Studio Solution File, Format Version 12.00
# Visual Studio Version 17
VisualStudioVersion = 17.0.31903.59
MinimumVisualStudioVersion = 10.0.40219.1
Project("{9A19103F-16F7-4668-BE54-9A1E7A4F7556}") = "Billing.Api", "src\Billing.Api\Billing.Api.csproj", "{5F3D40D3-363F-4D8B-9F89-1B8573E71234}"
EndProject
Project("{9A19103F-16F7-4668-BE54-9A1E7A4F7556}") = "Billing.Api.Tests", "tests\Billing.Api.Tests\Billing.Api.Tests.csproj", "{8B0457D9-3DD4-4F55-96C8-30ECA4F8A951}"
EndProject
Global
	GlobalSection(SolutionConfigurationPlatforms) = preSolution
		Debug|Any CPU = Debug|Any CPU
		Release|Any CPU = Release|Any CPU
	EndGlobalSection
	GlobalSection(ProjectConfigurationPlatforms) = postSolution
		{5F3D40D3-363F-4D8B-9F89-1B8573E71234}.Debug|Any CPU.ActiveCfg = Debug|Any CPU
		{5F3D40D3-363F-4D8B-9F89-1B8573E71234}.Debug|Any CPU.Build.0 = Debug|Any CPU
		{5F3D40D3-363F-4D8B-9F89-1B8573E71234}.Release|Any CPU.ActiveCfg = Release|Any CPU
		{5F3D40D3-363F-4D8B-9F89-1B8573E71234}.Release|Any CPU.Build.0 = Release|Any CPU
		{8B0457D9-3DD4-4F55-96C8-30ECA4F8A951}.Debug|Any CPU.ActiveCfg = Debug|Any CPU
		{8B0457D9-3DD4-4F55-96C8-30ECA4F8A951}.Debug|Any CPU.Build.0 = Debug|Any CPU
		{8B0457D9-3DD4-4F55-96C8-30ECA4F8A951}.Release|Any CPU.ActiveCfg = Release|Any CPU
		{8B0457D9-3DD4-4F55-96C8-30ECA4F8A951}.Release|Any CPU.Build.0 = Release|Any CPU
	EndGlobalSection
	GlobalSection(SolutionProperties) = preSolution
		HideSolutionNode = FALSE
	EndGlobalSection
EndGlobal
